// !$*UTF8*$!
{
	archiveVersion = 1;
	classes = {
	};
	objectVersion = 48;
	objects = {

/* Begin PBXBuildFile section */
		16AF2E91715498CACA2D7DEF /* Pods_HopeHealingAfrica.framework in Frameworks */ = {isa = PBXBuildFile; fileRef = BE6718E4A827005B8FEBBDFD /* Pods_HopeHealingAfrica.framework */; };
		21D9A791200C603E009E9E66 /* AppDelegate.swift in Sources */ = {isa = PBXBuildFile; fileRef = 21D9A790200C603E009E9E66 /* AppDelegate.swift */; };
		21D9A793200C603E009E9E66 /* ViewController.swift in Sources */ = {isa = PBXBuildFile; fileRef = 21D9A792200C603E009E9E66 /* ViewController.swift */; };
		21D9A796200C603E009E9E66 /* Main.storyboard in Resources */ = {isa = PBXBuildFile; fileRef = 21D9A794200C603E009E9E66 /* Main.storyboard */; };
		21D9A798200C603E009E9E66 /* Assets.xcassets in Resources */ = {isa = PBXBuildFile; fileRef = 21D9A797200C603E009E9E66 /* Assets.xcassets */; };
		21D9A79B200C603E009E9E66 /* LaunchScreen.storyboard in Resources */ = {isa = PBXBuildFile; fileRef = 21D9A799200C603E009E9E66 /* LaunchScreen.storyboard */; };
		21D9A7A6200C651D009E9E66 /* SWRevealViewController.m in Sources */ = {isa = PBXBuildFile; fileRef = 21D9A7A5200C651D009E9E66 /* SWRevealViewController.m */; };
/* End PBXBuildFile section */

/* Begin PBXFileReference section */
		21D9A78D200C603E009E9E66 /* HopeHealingAfrica.app */ = {isa = PBXFileReference; explicitFileType = wrapper.application; includeInIndex = 0; path = HopeHealingAfrica.app; sourceTree = BUILT_PRODUCTS_DIR; };
		21D9A790200C603E009E9E66 /* AppDelegate.swift */ = {isa = PBXFileReference; lastKnownFileType = sourcecode.swift; path = AppDelegate.swift; sourceTree = "<group>"; };
		21D9A792200C603E009E9E66 /* ViewController.swift */ = {isa = PBXFileReference; lastKnownFileType = sourcecode.swift; path = ViewController.swift; sourceTree = "<group>"; };
		21D9A795200C603E009E9E66 /* Base */ = {isa = PBXFileReference; lastKnownFileType = file.storyboard; name = Base; path = Base.lproj/Main.storyboard; sourceTree = "<group>"; };
		21D9A797200C603E009E9E66 /* Assets.xcassets */ = {isa = PBXFileReference; lastKnownFileType = folder.assetcatalog; path = Assets.xcassets; sourceTree = "<group>"; };
		21D9A79A200C603E009E9E66 /* Base */ = {isa = PBXFileReference; lastKnownFileType = file.storyboard; name = Base; path = Base.lproj/LaunchScreen.storyboard; sourceTree = "<group>"; };
		21D9A79C200C603E009E9E66 /* Info.plist */ = {isa = PBXFileReference; lastKnownFileType = text.plist.xml; path = Info.plist; sourceTree = "<group>"; };
		21D9A7A3200C651C009E9E66 /* HopeHealingAfrica-Bridging-Header.h */ = {isa = PBXFileReference; lastKnownFileType = sourcecode.c.h; path = "HopeHealingAfrica-Bridging-Header.h"; sourceTree = "<group>"; };
		21D9A7A4200C651D009E9E66 /* SWRevealViewController.h */ = {isa = PBXFileReference; fileEncoding = 4; lastKnownFileType = sourcecode.c.h; path = SWRevealViewController.h; sourceTree = "<group>"; };
		21D9A7A5200C651D009E9E66 /* SWRevealViewController.m */ = {isa = PBXFileReference; fileEncoding = 4; lastKnownFileType = sourcecode.c.objc; path = SWRevealViewController.m; sourceTree = "<group>"; };
		AA5DD7DA11050DCCE4F64A38 /* Pods-HopeHealingAfrica.release.xcconfig */ = {isa = PBXFileReference; includeInIndex = 1; lastKnownFileType = text.xcconfig; name = "Pods-HopeHealingAfrica.release.xcconfig"; path = "Pods/Target Support Files/Pods-HopeHealingAfrica/Pods-HopeHealingAfrica.release.xcconfig"; sourceTree = "<group>"; };
		BE6718E4A827005B8FEBBDFD /* Pods_HopeHealingAfrica.framework */ = {isa = PBXFileReference; explicitFileType = wrapper.framework; includeInIndex = 0; path = Pods_HopeHealingAfrica.framework; sourceTree = BUILT_PRODUCTS_DIR; };
		E98D5DD8F9040E13B827F0C7 /* Pods-HopeHealingAfrica.debug.xcconfig */ = {isa = PBXFileReference; includeInIndex = 1; lastKnownFileType = text.xcconfig; name = "Pods-HopeHealingAfrica.debug.xcconfig"; path = "Pods/Target Support Files/Pods-HopeHealingAfrica/Pods-HopeHealingAfrica.debug.xcconfig"; sourceTree = "<group>"; };
/* End PBXFileReference section */

/* Begin PBXFrameworksBuildPhase section */
		21D9A78A200C603E009E9E66 /* Frameworks */ = {
			isa = PBXFrameworksBuildPhase;
			buildActionMask = 2147483647;
			files = (
				16AF2E91715498CACA2D7DEF /* Pods_HopeHealingAfrica.framework in Frameworks */,
			);
			runOnlyForDeploymentPostprocessing = 0;
		};
/* End PBXFrameworksBuildPhase section */

/* Begin PBXGroup section */
		21D9A784200C603E009E9E66 = {
			isa = PBXGroup;
			children = (
				21D9A7A2200C64E5009E9E66 /* Supporting Files */,
				21D9A78F200C603E009E9E66 /* HopeHealingAfrica */,
				21D9A78E200C603E009E9E66 /* Products */,
				72A64123750FE6298DD536E7 /* Pods */,
				5752B5F441298C9F3ABCE78B /* Frameworks */,
			);
			sourceTree = "<group>";
		};
		21D9A78E200C603E009E9E66 /* Products */ = {
			isa = PBXGroup;
			children = (
				21D9A78D200C603E009E9E66 /* HopeHealingAfrica.app */,
			);
			name = Products;
			sourceTree = "<group>";
		};
		21D9A78F200C603E009E9E66 /* HopeHealingAfrica */ = {
			isa = PBXGroup;
			children = (
				21D9A790200C603E009E9E66 /* AppDelegate.swift */,
				21D9A792200C603E009E9E66 /* ViewController.swift */,
				21D9A794200C603E009E9E66 /* Main.storyboard */,
				21D9A797200C603E009E9E66 /* Assets.xcassets */,
				21D9A799200C603E009E9E66 /* LaunchScreen.storyboard */,
				21D9A79C200C603E009E9E66 /* Info.plist */,
			);
			path = HopeHealingAfrica;
			sourceTree = "<group>";
		};
		21D9A7A2200C64E5009E9E66 /* Supporting Files */ = {
			isa = PBXGroup;
			children = (
				21D9A7A4200C651D009E9E66 /* SWRevealViewController.h */,
				21D9A7A5200C651D009E9E66 /* SWRevealViewController.m */,
				21D9A7A3200C651C009E9E66 /* HopeHealingAfrica-Bridging-Header.h */,
			);
			path = "Supporting Files";
			sourceTree = "<group>";
		};
		5752B5F441298C9F3ABCE78B /* Frameworks */ = {
			isa = PBXGroup;
			children = (
				BE6718E4A827005B8FEBBDFD /* Pods_HopeHealingAfrica.framework */,
			);
			name = Frameworks;
			sourceTree = "<group>";
		};
		72A64123750FE6298DD536E7 /* Pods */ = {
			isa = PBXGroup;
			children = (
				E98D5DD8F9040E13B827F0C7 /* Pods-HopeHealingAfrica.debug.xcconfig */,
				AA5DD7DA11050DCCE4F64A38 /* Pods-HopeHealingAfrica.release.xcconfig */,
			);
			name = Pods;
			sourceTree = "<group>";
		};
/* End PBXGroup section */

/* Begin PBXNativeTarget section */
		21D9A78C200C603E009E9E66 /* HopeHealingAfrica */ = {
			isa = PBXNativeTarget;
			buildConfigurationList = 21D9A79F200C603E009E9E66 /* Build configuration list for PBXNativeTarget "HopeHealingAfrica" */;
			buildPhases = (
				002BB7EE31B59049B9194527 /* [CP] Check Pods Manifest.lock */,
				21D9A789200C603E009E9E66 /* Sources */,
				21D9A78A200C603E009E9E66 /* Frameworks */,
				21D9A78B200C603E009E9E66 /* Resources */,
				534E3CF40304530A3993560A /* [CP] Embed Pods Frameworks */,
				16AF8FC47E30E2004D3D0423 /* [CP] Copy Pods Resources */,
			);
			buildRules = (
			);
			dependencies = (
			);
			name = HopeHealingAfrica;
			productName = HopeHealingAfrica;
			productReference = 21D9A78D200C603E009E9E66 /* HopeHealingAfrica.app */;
			productType = "com.apple.product-type.application";
		};
/* End PBXNativeTarget section */

/* Begin PBXProject section */
		21D9A785200C603E009E9E66 /* Project object */ = {
			isa = PBXProject;
			attributes = {
				LastSwiftUpdateCheck = 0920;
				LastUpgradeCheck = 0920;
				ORGANIZATIONNAME = "Wise Osagie";
				TargetAttributes = {
					21D9A78C200C603E009E9E66 = {
						CreatedOnToolsVersion = 9.2;
						LastSwiftMigration = 0920;
						ProvisioningStyle = Automatic;
					};
				};
			};
			buildConfigurationList = 21D9A788200C603E009E9E66 /* Build configuration list for PBXProject "HopeHealingAfrica" */;
			compatibilityVersion = "Xcode 8.0";
			developmentRegion = en;
			hasScannedForEncodings = 0;
			knownRegions = (
				en,
				Base,
			);
			mainGroup = 21D9A784200C603E009E9E66;
			productRefGroup = 21D9A78E200C603E009E9E66 /* Products */;
			projectDirPath = "";
			projectRoot = "";
			targets = (
				21D9A78C200C603E009E9E66 /* HopeHealingAfrica */,
			);
		};
/* End PBXProject section */

/* Begin PBXResourcesBuildPhase section */
		21D9A78B200C603E009E9E66 /* Resources */ = {
			isa = PBXResourcesBuildPhase;
			buildActionMask = 2147483647;
			files = (
				21D9A79B200C603E009E9E66 /* LaunchScreen.storyboard in Resources */,
				21D9A798200C603E009E9E66 /* Assets.xcassets in Resources */,
				21D9A796200C603E009E9E66 /* Main.storyboard in Resources */,
			);
			runOnlyForDeploymentPostprocessing = 0;
		};
/* End PBXResourcesBuildPhase section */

/* Begin PBXShellScriptBuildPhase section */
		002BB7EE31B59049B9194527 /* [CP] Check Pods Manifest.lock */ = {
			isa = PBXShellScriptBuildPhase;
			buildActionMask = 2147483647;
			files = (
			);
			inputPaths = (
			);
			name = "[CP] Check Pods Manifest.lock";
			outputPaths = (
			);
			runOnlyForDeploymentPostprocessing = 0;
			shellPath = /bin/sh;
			shellScript = "diff \"${PODS_ROOT}/../Podfile.lock\" \"${PODS_ROOT}/Manifest.lock\" > /dev/null\nif [ $? != 0 ] ; then\n    # print error to STDERR\n    echo \"error: The sandbox is not in sync with the Podfile.lock. Run 'pod install' or update your CocoaPods installation.\" >&2\n    exit 1\nfi\n";
			showEnvVarsInLog = 0;
		};
		16AF8FC47E30E2004D3D0423 /* [CP] Copy Pods Resources */ = {
			isa = PBXShellScriptBuildPhase;
			buildActionMask = 2147483647;
			files = (
			);
			inputPaths = (
			);
			name = "[CP] Copy Pods Resources";
			outputPaths = (
			);
			runOnlyForDeploymentPostprocessing = 0;
			shellPath = /bin/sh;
			shellScript = "\"${SRCROOT}/Pods/Target Support Files/Pods-HopeHealingAfrica/Pods-HopeHealingAfrica-resources.sh\"\n";
			showEnvVarsInLog = 0;
		};
		534E3CF40304530A3993560A /* [CP] Embed Pods Frameworks */ = {
			isa = PBXShellScriptBuildPhase;
			buildActionMask = 2147483647;
			files = (
			);
			inputPaths = (
			);
			name = "[CP] Embed Pods Frameworks";
			outputPaths = (
			);
			runOnlyForDeploymentPostprocessing = 0;
			shellPath = /bin/sh;
			shellScript = "\"${SRCROOT}/Pods/Target Support Files/Pods-HopeHealingAfrica/Pods-HopeHealingAfrica-frameworks.sh\"\n";
			showEnvVarsInLog = 0;
		};
/* End PBXShellScriptBuildPhase section */

/* Begin PBXSourcesBuildPhase section */
		21D9A789200C603E009E9E66 /* Sources */ = {
			isa = PBXSourcesBuildPhase;
			buildActionMask = 2147483647;
			files = (
				21D9A793200C603E009E9E66 /* ViewController.swift in Sources */,
				21D9A791200C603E009E9E66 /* AppDelegate.swift in Sources */,
				21D9A7A6200C651D009E9E66 /* SWRevealViewController.m in Sources */,
			);
			runOnlyForDeploymentPostprocessing = 0;
		};
/* End PBXSourcesBuildPhase section */

/* Begin PBXVariantGroup section */
		21D9A794200C603E009E9E66 /* Main.storyboard */ = {
			isa = PBXVariantGroup;
			children = (
				21D9A795200C603E009E9E66 /* Base */,
			);
			name = Main.storyboard;
			sourceTree = "<group>";
		};
		21D9A799200C603E009E9E66 /* LaunchScreen.storyboard */ = {
			isa = PBXVariantGroup;
			children = (
				21D9A79A200C603E009E9E66 /* Base */,
			);
			name = LaunchScreen.storyboard;
			sourceTree = "<group>";
		};
/* End PBXVariantGroup section */

/* Begin XCBuildConfiguration section */
		21D9A79D200C603E009E9E66 /* Debug */ = {
			isa = XCBuildConfiguration;
			buildSettings = {
				ALWAYS_SEARCH_USER_PATHS = NO;
				CLANG_ANALYZER_NONNULL = YES;
				CLANG_ANALYZER_NUMBER_OBJECT_CONVERSION = YES_AGGRESSIVE;
				CLANG_CXX_LANGUAGE_STANDARD = "gnu++14";
				CLANG_CXX_LIBRARY = "libc++";
				CLANG_ENABLE_MODULES = YES;
				CLANG_ENABLE_OBJC_ARC = YES;
				CLANG_WARN_BLOCK_CAPTURE_AUTORELEASING = YES;
				CLANG_WARN_BOOL_CONVERSION = YES;
				CLANG_WARN_COMMA = YES;
				CLANG_WARN_CONSTANT_CONVERSION = YES;
				CLANG_WARN_DIRECT_OBJC_ISA_USAGE = YES_ERROR;
				CLANG_WARN_DOCUMENTATION_COMMENTS = YES;
				CLANG_WARN_EMPTY_BODY = YES;
				CLANG_WARN_ENUM_CONVERSION = YES;
				CLANG_WARN_INFINITE_RECURSION = YES;
				CLANG_WARN_INT_CONVERSION = YES;
				CLANG_WARN_NON_LITERAL_NULL_CONVERSION = YES;
				CLANG_WARN_OBJC_LITERAL_CONVERSION = YES;
				CLANG_WARN_OBJC_ROOT_CLASS = YES_ERROR;
				CLANG_WARN_RANGE_LOOP_ANALYSIS = YES;
				CLANG_WARN_STRICT_PROTOTYPES = YES;
				CLANG_WARN_SUSPICIOUS_MOVE = YES;
				CLANG_WARN_UNGUARDED_AVAILABILITY = YES_AGGRESSIVE;
				CLANG_WARN_UNREACHABLE_CODE = YES;
				CLANG_WARN__DUPLICATE_METHOD_MATCH = YES;
				CODE_SIGN_IDENTITY = "iPhone Developer";
				COPY_PHASE_STRIP = NO;
				DEBUG_INFORMATION_FORMAT = dwarf;
				ENABLE_STRICT_OBJC_MSGSEND = YES;
				ENABLE_TESTABILITY = YES;
				GCC_C_LANGUAGE_STANDARD = gnu11;
				GCC_DYNAMIC_NO_PIC = NO;
				GCC_NO_COMMON_BLOCKS = YES;
				GCC_OPTIMIZATION_LEVEL = 0;
				GCC_PREPROCESSOR_DEFINITIONS = (
					"DEBUG=1",
					"$(inherited)",
				);
				GCC_WARN_64_TO_32_BIT_CONVERSION = YES;
				GCC_WARN_ABOUT_RETURN_TYPE = YES_ERROR;
				GCC_WARN_UNDECLARED_SELECTOR = YES;
				GCC_WARN_UNINITIALIZED_AUTOS = YES_AGGRESSIVE;
				GCC_WARN_UNUSED_FUNCTION = YES;
				GCC_WARN_UNUSED_VARIABLE = YES;
				IPHONEOS_DEPLOYMENT_TARGET = 11.2;
				MTL_ENABLE_DEBUG_INFO = YES;
				ONLY_ACTIVE_ARCH = YES;
				SDKROOT = iphoneos;
				SWIFT_ACTIVE_COMPILATION_CONDITIONS = DEBUG;
				SWIFT_OPTIMIZATION_LEVEL = "-Onone";
			};
			name = Debug;
		};
		21D9A79E200C603E009E9E66 /* Release */ = {
			isa = XCBuildConfiguration;
			buildSettings = {
				ALWAYS_SEARCH_USER_PATHS = NO;
				CLANG_ANALYZER_NONNULL = YES;
				CLANG_ANALYZER_NUMBER_OBJECT_CONVERSION = YES_AGGRESSIVE;
				CLANG_CXX_LANGUAGE_STANDARD = "gnu++14";
				CLANG_CXX_LIBRARY = "libc++";
				CLANG_ENABLE_MODULES = YES;
				CLANG_ENABLE_OBJC_ARC = YES;
				CLANG_WARN_BLOCK_CAPTURE_AUTORELEASING = YES;
				CLANG_WARN_BOOL_CONVERSION = YES;
				CLANG_WARN_COMMA = YES;
				CLANG_WARN_CONSTANT_CONVERSION = YES;
				CLANG_WARN_DIRECT_OBJC_ISA_USAGE = YES_ERROR;
				CLANG_WARN_DOCUMENTATION_COMMENTS = YES;
				CLANG_WARN_EMPTY_BODY = YES;
				CLANG_WARN_ENUM_CONVERSION = YES;
				CLANG_WARN_INFINITE_RECURSION = YES;
				CLANG_WARN_INT_CONVERSION = YES;
				CLANG_WARN_NON_LITERAL_NULL_CONVERSION = YES;
				CLANG_WARN_OBJC_LITERAL_CONVERSION = YES;
				CLANG_WARN_OBJC_ROOT_CLASS = YES_ERROR;
				CLANG_WARN_RANGE_LOOP_ANALYSIS = YES;
				CLANG_WARN_STRICT_PROTOTYPES = YES;
				CLANG_WARN_SUSPICIOUS_MOVE = YES;
				CLANG_WARN_UNGUARDED_AVAILABILITY = YES_AGGRESSIVE;
				CLANG_WARN_UNREACHABLE_CODE = YES;
				CLANG_WARN__DUPLICATE_METHOD_MATCH = YES;
				CODE_SIGN_IDENTITY = "iPhone Developer";
				COPY_PHASE_STRIP = NO;
				DEBUG_INFORMATION_FORMAT = "dwarf-with-dsym";
				ENABLE_NS_ASSERTIONS = NO;
				ENABLE_STRICT_OBJC_MSGSEND = YES;
				GCC_C_LANGUAGE_STANDARD = gnu11;
				GCC_NO_COMMON_BLOCKS = YES;
				GCC_WARN_64_TO_32_BIT_CONVERSION = YES;
				GCC_WARN_ABOUT_RETURN_TYPE = YES_ERROR;
				GCC_WARN_UNDECLARED_SELECTOR = YES;
				GCC_WARN_UNINITIALIZED_AUTOS = YES_AGGRESSIVE;
				GCC_WARN_UNUSED_FUNCTION = YES;
				GCC_WARN_UNUSED_VARIABLE = YES;
				IPHONEOS_DEPLOYMENT_TARGET = 11.2;
				MTL_ENABLE_DEBUG_INFO = NO;
				SDKROOT = iphoneos;
				SWIFT_OPTIMIZATION_LEVEL = "-Owholemodule";
				VALIDATE_PRODUCT = YES;
			};
			name = Release;
		};
		21D9A7A0200C603E009E9E66 /* Debug */ = {
			isa = XCBuildConfiguration;
			baseConfigurationReference = E98D5DD8F9040E13B827F0C7 /* Pods-HopeHealingAfrica.debug.xcconfig */;
			buildSettings = {
				ASSETCATALOG_COMPILER_APPICON_NAME = AppIcon;
				CLANG_ENABLE_MODULES = YES;
				CODE_SIGN_STYLE = Automatic;
				DEVELOPMENT_TEAM = X4N3YF9H6U;
				INFOPLIST_FILE = HopeHealingAfrica/Info.plist;
				IPHONEOS_DEPLOYMENT_TARGET = 11.0;
				LD_RUNPATH_SEARCH_PATHS = "$(inherited) @executable_path/Frameworks";
				PRODUCT_BUNDLE_IDENTIFIER = com.hha.HopeHealingAfrica;
				PRODUCT_NAME = "$(TARGET_NAME)";
				SWIFT_OBJC_BRIDGING_HEADER = "Supporting Files/HopeHealingAfrica-Bridging-Header.h";
				SWIFT_OPTIMIZATION_LEVEL = "-Onone";
				SWIFT_VERSION = 4.0;
				TARGETED_DEVICE_FAMILY = "1,2";
			};
			name = Debug;
		};
		21D9A7A1200C603E009E9E66 /* Release */ = {
			isa = XCBuildConfiguration;
			baseConfigurationReference = AA5DD7DA11050DCCE4F64A38 /* Pods-HopeHealingAfrica.release.xcconfig */;
			buildSettings = {
				ASSETCATALOG_COMPILER_APPICON_NAME = AppIcon;
				CLANG_ENABLE_MODULES = YES;
				CODE_SIGN_STYLE = Automatic;
				DEVELOPMENT_TEAM = X4N3YF9H6U;
				INFOPLIST_FILE = HopeHealingAfrica/Info.plist;
				IPHONEOS_DEPLOYMENT_TARGET = 11.0;
				LD_RUNPATH_SEARCH_PATHS = "$(inherited) @executable_path/Frameworks";
				PRODUCT_BUNDLE_IDENTIFIER = com.hha.HopeHealingAfrica;
				PRODUCT_NAME = "$(TARGET_NAME)";
				SWIFT_OBJC_BRIDGING_HEADER = "Supporting Files/HopeHealingAfrica-Bridging-Header.h";
				SWIFT_VERSION = 4.0;
				TARGETED_DEVICE_FAMILY = "1,2";
			};
			name = Release;
		};
/* End XCBuildConfiguration section */

/* Begin XCConfigurationList section */
		21D9A788200C603E009E9E66 /* Build configuration list for PBXProject "HopeHealingAfrica" */ = {
			isa = XCConfigurationList;
			buildConfigurations = (
				21D9A79D200C603E009E9E66 /* Debug */,
				21D9A79E200C603E009E9E66 /* Release */,
			);
			defaultConfigurationIsVisible = 0;
			defaultConfigurationName = Release;
		};
		21D9A79F200C603E009E9E66 /* Build configuration list for PBXNativeTarget "HopeHealingAfrica" */ = {
			isa = XCConfigurationList;
			buildConfigurations = (
				21D9A7A0200C603E009E9E66 /* Debug */,
				21D9A7A1200C603E009E9E66 /* Release */,
			);
			defaultConfigurationIsVisible = 0;
			defaultConfigurationName = Release;
		};
/* End XCConfigurationList section */
	};
	rootObject = 21D9A785200C603E009E9E66 /* Project object */;
}
